
Microsoft Visual Studio Solution File, Format Version 12.00
# Visual Studio 15
VisualStudioVersion = 15.0.26430.16
MinimumVisualStudioVersion = 10.0.40219.1
Project("{9A19103F-16F7-4668-BE54-9A1E7A4F7556}") = "LX.NETCoreTest.Model", "LX.NETCoreTest.Model\LX.NETCoreTest.Model.csproj", "{BCE1431C-0096-473F-90E9-88C99BF9C5D7}"
EndProject
Project("{9A19103F-16F7-4668-BE54-9A1E7A4F7556}") = "LX.NETCoreTest.Common", "LX.NETCoreTest.Common\LX.NETCoreTest.Common.csproj", "{C39EFED2-A6B8-48CE-82A0-CDA0E1877501}"
EndProject
Project("{9A19103F-16F7-4668-BE54-9A1E7A4F7556}") = "LX.NETCoreTest.Web", "LX.NETCoreTest.Web\LX.NETCoreTest.Web.csproj", "{6C939826-957A-4513-B9D5-818B4727DCD5}"
EndProject
Project("{FAE04EC0-301F-11D3-BF4B-00C04F79EFBC}") = "LX.NETCoreTest.ConsoleApp", "LX.NETCoreTest.ConsoleApp\LX.NETCoreTest.ConsoleApp.csproj", "{2FF1FD32-1E0B-4A31-8465-252D6659CFCE}"
EndProject
Global
	GlobalSection(SolutionConfigurationPlatforms) = preSolution
		Debug|Any CPU = Debug|Any CPU
		Release|Any CPU = Release|Any CPU
	EndGlobalSection
	GlobalSection(ProjectConfigurationPlatforms) = postSolution
		{BCE1431C-0096-473F-90E9-88C99BF9C5D7}.Debug|Any CPU.ActiveCfg = Debug|Any CPU
		{BCE1431C-0096-473F-90E9-88C99BF9C5D7}.Debug|Any CPU.Build.0 = Debug|Any CPU
		{BCE1431C-0096-473F-90E9-88C99BF9C5D7}.Release|Any CPU.ActiveCfg = Release|Any CPU
		{BCE1431C-0096-473F-90E9-88C99BF9C5D7}.Release|Any CPU.Build.0 = Release|Any CPU
		{C39EFED2-A6B8-48CE-82A0-CDA0E1877501}.Debug|Any CPU.ActiveCfg = Debug|Any CPU
		{C39EFED2-A6B8-48CE-82A0-CDA0E1877501}.Debug|Any CPU.Build.0 = Debug|Any CPU
		{C39EFED2-A6B8-48CE-82A0-CDA0E1877501}.Release|Any CPU.ActiveCfg = Release|Any CPU
		{C39EFED2-A6B8-48CE-82A0-CDA0E1877501}.Release|Any CPU.Build.0 = Release|Any CPU
		{6C939826-957A-4513-B9D5-818B4727DCD5}.Debug|Any CPU.ActiveCfg = Debug|Any CPU
		{6C939826-957A-4513-B9D5-818B4727DCD5}.Debug|Any CPU.Build.0 = Debug|Any CPU
		{6C939826-957A-4513-B9D5-818B4727DCD5}.Release|Any CPU.ActiveCfg = Release|Any CPU
		{6C939826-957A-4513-B9D5-818B4727DCD5}.Release|Any CPU.Build.0 = Release|Any CPU
		{2FF1FD32-1E0B-4A31-8465-252D6659CFCE}.Debug|Any CPU.ActiveCfg = Debug|Any CPU
		{2FF1FD32-1E0B-4A31-8465-252D6659CFCE}.Debug|Any CPU.Build.0 = Debug|Any CPU
		{2FF1FD32-1E0B-4A31-8465-252D6659CFCE}.Release|Any CPU.ActiveCfg = Release|Any CPU
		{2FF1FD32-1E0B-4A31-8465-252D6659CFCE}.Release|Any CPU.Build.0 = Release|Any CPU
	EndGlobalSection
	GlobalSection(SolutionProperties) = preSolution
		HideSolutionNode = FALSE
	EndGlobalSection
EndGlobal
